// !$*UTF8*$!
{
	archiveVersion = 1;
	classes = {
	};
	objectVersion = 46;
	objects = {

/* Begin PBXBuildFile section */
		B90B46E451091A7AC271073B /* Pods_Price_Tracker.framework in Frameworks */ = {isa = PBXBuildFile; fileRef = A2D573472F4C4DE406DB7B87 /* Pods_Price_Tracker.framework */; };
		FA5E1EE01F31F45B00E9FE37 /* NetworkManager.swift in Sources */ = {isa = PBXBuildFile; fileRef = FA5E1EDF1F31F45B00E9FE37 /* NetworkManager.swift */; };
		FA5E1EE51F32664A00E9FE37 /* Constants.swift in Sources */ = {isa = PBXBuildFile; fileRef = FA5E1EE41F32664A00E9FE37 /* Constants.swift */; };
		FA5E1EE71F326B0B00E9FE37 /* ProductManager.swift in Sources */ = {isa = PBXBuildFile; fileRef = FA5E1EE61F326B0B00E9FE37 /* ProductManager.swift */; };
		FA6C178F1F31129100165CBA /* AppDelegate.swift in Sources */ = {isa = PBXBuildFile; fileRef = FA6C178E1F31129100165CBA /* AppDelegate.swift */; };
		FA6C17941F31129100165CBA /* Main.storyboard in Resources */ = {isa = PBXBuildFile; fileRef = FA6C17921F31129100165CBA /* Main.storyboard */; };
		FA6C17961F31129100165CBA /* Assets.xcassets in Resources */ = {isa = PBXBuildFile; fileRef = FA6C17951F31129100165CBA /* Assets.xcassets */; };
		FA6C17991F31129100165CBA /* LaunchScreen.storyboard in Resources */ = {isa = PBXBuildFile; fileRef = FA6C17971F31129100165CBA /* LaunchScreen.storyboard */; };
		FA6C17A21F3113AD00165CBA /* BaseCollectionViewController.swift in Sources */ = {isa = PBXBuildFile; fileRef = FA6C17A11F3113AD00165CBA /* BaseCollectionViewController.swift */; };
		FA6C17A41F3113DE00165CBA /* BaseViewController.swift in Sources */ = {isa = PBXBuildFile; fileRef = FA6C17A31F3113DE00165CBA /* BaseViewController.swift */; };
		FA6C17A61F31143300165CBA /* ProductsCollectionViewController.swift in Sources */ = {isa = PBXBuildFile; fileRef = FA6C17A51F31143300165CBA /* ProductsCollectionViewController.swift */; };
		FA6C17A81F31146300165CBA /* FavoritesCollectionViewController.swift in Sources */ = {isa = PBXBuildFile; fileRef = FA6C17A71F31146300165CBA /* FavoritesCollectionViewController.swift */; };
		FA6C17AA1F3119C700165CBA /* LoginTableViewController.swift in Sources */ = {isa = PBXBuildFile; fileRef = FA6C17A91F3119C700165CBA /* LoginTableViewController.swift */; };
		FA6C17AC1F3119E500165CBA /* BaseTableViewController.swift in Sources */ = {isa = PBXBuildFile; fileRef = FA6C17AB1F3119E500165CBA /* BaseTableViewController.swift */; };
		FA6C17B21F312C0100165CBA /* ProductCell.xib in Resources */ = {isa = PBXBuildFile; fileRef = FA6C17B11F312C0100165CBA /* ProductCell.xib */; };
		FA6C17B51F312C8400165CBA /* ProductCollectionViewCell.swift in Sources */ = {isa = PBXBuildFile; fileRef = FA6C17B41F312C8400165CBA /* ProductCollectionViewCell.swift */; };
		FA6C17B81F31426700165CBA /* Product.swift in Sources */ = {isa = PBXBuildFile; fileRef = FA6C17B71F31426700165CBA /* Product.swift */; };
		FA6C17BA1F314A3700165CBA /* ProductType.swift in Sources */ = {isa = PBXBuildFile; fileRef = FA6C17B91F314A3700165CBA /* ProductType.swift */; };
		FA6C17BC1F314AB800165CBA /* DB.swift in Sources */ = {isa = PBXBuildFile; fileRef = FA6C17BB1F314AB800165CBA /* DB.swift */; };
		FA6C17BE1F314B4A00165CBA /* Root.swift in Sources */ = {isa = PBXBuildFile; fileRef = FA6C17BD1F314B4A00165CBA /* Root.swift */; };
		FADDC0AA1F3E179E00DBA85E /* ProductDetailTableViewController.swift in Sources */ = {isa = PBXBuildFile; fileRef = FADDC0A91F3E179E00DBA85E /* ProductDetailTableViewController.swift */; };
		FADDC0AE1F3E292C00DBA85E /* PriceTableViewCell.swift in Sources */ = {isa = PBXBuildFile; fileRef = FADDC0AD1F3E292C00DBA85E /* PriceTableViewCell.swift */; };
		FADDC0B21F3E60C000DBA85E /* PricesTableViewController.swift in Sources */ = {isa = PBXBuildFile; fileRef = FADDC0B11F3E60C000DBA85E /* PricesTableViewController.swift */; };
		FAF587631F38C79500D20101 /* ProductTypeTableViewCell.swift in Sources */ = {isa = PBXBuildFile; fileRef = FAF587621F38C79500D20101 /* ProductTypeTableViewCell.swift */; };
		FAF587651F38C8FB00D20101 /* ProductTypesViewController.swift in Sources */ = {isa = PBXBuildFile; fileRef = FAF587641F38C8FB00D20101 /* ProductTypesViewController.swift */; };
		FAF587691F3949CF00D20101 /* AuthenticationManager.swift in Sources */ = {isa = PBXBuildFile; fileRef = FAF587681F3949CF00D20101 /* AuthenticationManager.swift */; };
/* End PBXBuildFile section */

/* Begin PBXFileReference section */
		0688A5BF9B70B445AE7FF725 /* Pods-Price Tracker.debug.xcconfig */ = {isa = PBXFileReference; includeInIndex = 1; lastKnownFileType = text.xcconfig; name = "Pods-Price Tracker.debug.xcconfig"; path = "Pods/Target Support Files/Pods-Price Tracker/Pods-Price Tracker.debug.xcconfig"; sourceTree = "<group>"; };
		128BEF6515AB60CC58435D91 /* Pods-Price Tracker.release.xcconfig */ = {isa = PBXFileReference; includeInIndex = 1; lastKnownFileType = text.xcconfig; name = "Pods-Price Tracker.release.xcconfig"; path = "Pods/Target Support Files/Pods-Price Tracker/Pods-Price Tracker.release.xcconfig"; sourceTree = "<group>"; };
		A2D573472F4C4DE406DB7B87 /* Pods_Price_Tracker.framework */ = {isa = PBXFileReference; explicitFileType = wrapper.framework; includeInIndex = 0; path = Pods_Price_Tracker.framework; sourceTree = BUILT_PRODUCTS_DIR; };
		FA5E1EDF1F31F45B00E9FE37 /* NetworkManager.swift */ = {isa = PBXFileReference; fileEncoding = 4; lastKnownFileType = sourcecode.swift; path = NetworkManager.swift; sourceTree = "<group>"; };
		FA5E1EE41F32664A00E9FE37 /* Constants.swift */ = {isa = PBXFileReference; fileEncoding = 4; lastKnownFileType = sourcecode.swift; path = Constants.swift; sourceTree = "<group>"; };
		FA5E1EE61F326B0B00E9FE37 /* ProductManager.swift */ = {isa = PBXFileReference; fileEncoding = 4; lastKnownFileType = sourcecode.swift; path = ProductManager.swift; sourceTree = "<group>"; };
		FA6C178B1F31129100165CBA /* Price Tracker.app */ = {isa = PBXFileReference; explicitFileType = wrapper.application; includeInIndex = 0; path = "Price Tracker.app"; sourceTree = BUILT_PRODUCTS_DIR; };
		FA6C178E1F31129100165CBA /* AppDelegate.swift */ = {isa = PBXFileReference; lastKnownFileType = sourcecode.swift; path = AppDelegate.swift; sourceTree = "<group>"; };
		FA6C17931F31129100165CBA /* Base */ = {isa = PBXFileReference; lastKnownFileType = file.storyboard; name = Base; path = Base.lproj/Main.storyboard; sourceTree = "<group>"; };
		FA6C17951F31129100165CBA /* Assets.xcassets */ = {isa = PBXFileReference; lastKnownFileType = folder.assetcatalog; path = Assets.xcassets; sourceTree = "<group>"; };
		FA6C17981F31129100165CBA /* Base */ = {isa = PBXFileReference; lastKnownFileType = file.storyboard; name = Base; path = Base.lproj/LaunchScreen.storyboard; sourceTree = "<group>"; };
		FA6C179A1F31129100165CBA /* Info.plist */ = {isa = PBXFileReference; lastKnownFileType = text.plist.xml; path = Info.plist; sourceTree = "<group>"; };
		FA6C17A11F3113AD00165CBA /* BaseCollectionViewController.swift */ = {isa = PBXFileReference; fileEncoding = 4; lastKnownFileType = sourcecode.swift; path = BaseCollectionViewController.swift; sourceTree = "<group>"; };
		FA6C17A31F3113DE00165CBA /* BaseViewController.swift */ = {isa = PBXFileReference; fileEncoding = 4; lastKnownFileType = sourcecode.swift; path = BaseViewController.swift; sourceTree = "<group>"; };
		FA6C17A51F31143300165CBA /* ProductsCollectionViewController.swift */ = {isa = PBXFileReference; fileEncoding = 4; lastKnownFileType = sourcecode.swift; path = ProductsCollectionViewController.swift; sourceTree = "<group>"; };
		FA6C17A71F31146300165CBA /* FavoritesCollectionViewController.swift */ = {isa = PBXFileReference; fileEncoding = 4; lastKnownFileType = sourcecode.swift; path = FavoritesCollectionViewController.swift; sourceTree = "<group>"; };
		FA6C17A91F3119C700165CBA /* LoginTableViewController.swift */ = {isa = PBXFileReference; fileEncoding = 4; lastKnownFileType = sourcecode.swift; path = LoginTableViewController.swift; sourceTree = "<group>"; };
		FA6C17AB1F3119E500165CBA /* BaseTableViewController.swift */ = {isa = PBXFileReference; fileEncoding = 4; lastKnownFileType = sourcecode.swift; path = BaseTableViewController.swift; sourceTree = "<group>"; };
		FA6C17B11F312C0100165CBA /* ProductCell.xib */ = {isa = PBXFileReference; fileEncoding = 4; lastKnownFileType = file.xib; path = ProductCell.xib; sourceTree = "<group>"; };
		FA6C17B41F312C8400165CBA /* ProductCollectionViewCell.swift */ = {isa = PBXFileReference; fileEncoding = 4; lastKnownFileType = sourcecode.swift; path = ProductCollectionViewCell.swift; sourceTree = "<group>"; };
		FA6C17B71F31426700165CBA /* Product.swift */ = {isa = PBXFileReference; fileEncoding = 4; lastKnownFileType = sourcecode.swift; path = Product.swift; sourceTree = "<group>"; };
		FA6C17B91F314A3700165CBA /* ProductType.swift */ = {isa = PBXFileReference; fileEncoding = 4; lastKnownFileType = sourcecode.swift; path = ProductType.swift; sourceTree = "<group>"; };
		FA6C17BB1F314AB800165CBA /* DB.swift */ = {isa = PBXFileReference; fileEncoding = 4; lastKnownFileType = sourcecode.swift; path = DB.swift; sourceTree = "<group>"; };
		FA6C17BD1F314B4A00165CBA /* Root.swift */ = {isa = PBXFileReference; fileEncoding = 4; lastKnownFileType = sourcecode.swift; path = Root.swift; sourceTree = "<group>"; };
		FADDC0A91F3E179E00DBA85E /* ProductDetailTableViewController.swift */ = {isa = PBXFileReference; fileEncoding = 4; lastKnownFileType = sourcecode.swift; path = ProductDetailTableViewController.swift; sourceTree = "<group>"; };
		FADDC0AD1F3E292C00DBA85E /* PriceTableViewCell.swift */ = {isa = PBXFileReference; fileEncoding = 4; lastKnownFileType = sourcecode.swift; path = PriceTableViewCell.swift; sourceTree = "<group>"; };
		FADDC0B11F3E60C000DBA85E /* PricesTableViewController.swift */ = {isa = PBXFileReference; fileEncoding = 4; lastKnownFileType = sourcecode.swift; path = PricesTableViewController.swift; sourceTree = "<group>"; };
		FAF587621F38C79500D20101 /* ProductTypeTableViewCell.swift */ = {isa = PBXFileReference; fileEncoding = 4; lastKnownFileType = sourcecode.swift; path = ProductTypeTableViewCell.swift; sourceTree = "<group>"; };
		FAF587641F38C8FB00D20101 /* ProductTypesViewController.swift */ = {isa = PBXFileReference; fileEncoding = 4; lastKnownFileType = sourcecode.swift; path = ProductTypesViewController.swift; sourceTree = "<group>"; };
		FAF587681F3949CF00D20101 /* AuthenticationManager.swift */ = {isa = PBXFileReference; fileEncoding = 4; lastKnownFileType = sourcecode.swift; path = AuthenticationManager.swift; sourceTree = "<group>"; };
/* End PBXFileReference section */

/* Begin PBXFrameworksBuildPhase section */
		FA6C17881F31129100165CBA /* Frameworks */ = {
			isa = PBXFrameworksBuildPhase;
			buildActionMask = 2147483647;
			files = (
				B90B46E451091A7AC271073B /* Pods_Price_Tracker.framework in Frameworks */,
			);
			runOnlyForDeploymentPostprocessing = 0;
		};
/* End PBXFrameworksBuildPhase section */

/* Begin PBXGroup section */
		4ED7CD1BD46F89A120352B3E /* Frameworks */ = {
			isa = PBXGroup;
			children = (
				A2D573472F4C4DE406DB7B87 /* Pods_Price_Tracker.framework */,
			);
			name = Frameworks;
			sourceTree = "<group>";
		};
		7919E7BEF7D58F7B7E531A35 /* Pods */ = {
			isa = PBXGroup;
			children = (
				0688A5BF9B70B445AE7FF725 /* Pods-Price Tracker.debug.xcconfig */,
				128BEF6515AB60CC58435D91 /* Pods-Price Tracker.release.xcconfig */,
			);
			name = Pods;
			sourceTree = "<group>";
		};
		FA5E1EDE1F31F44900E9FE37 /* Managers */ = {
			isa = PBXGroup;
			children = (
				FAF587681F3949CF00D20101 /* AuthenticationManager.swift */,
				FA5E1EDF1F31F45B00E9FE37 /* NetworkManager.swift */,
				FA5E1EE61F326B0B00E9FE37 /* ProductManager.swift */,
			);
			name = Managers;
			sourceTree = "<group>";
		};
		FA5E1EE31F32663700E9FE37 /* Helpers */ = {
			isa = PBXGroup;
			children = (
				FA5E1EE41F32664A00E9FE37 /* Constants.swift */,
			);
			name = Helpers;
			sourceTree = "<group>";
		};
		FA6C17821F31129100165CBA = {
			isa = PBXGroup;
			children = (
				FA6C178D1F31129100165CBA /* Price Tracker */,
				FA6C178C1F31129100165CBA /* Products */,
				7919E7BEF7D58F7B7E531A35 /* Pods */,
				4ED7CD1BD46F89A120352B3E /* Frameworks */,
			);
			sourceTree = "<group>";
		};
		FA6C178C1F31129100165CBA /* Products */ = {
			isa = PBXGroup;
			children = (
				FA6C178B1F31129100165CBA /* Price Tracker.app */,
			);
			name = Products;
			sourceTree = "<group>";
		};
		FA6C178D1F31129100165CBA /* Price Tracker */ = {
			isa = PBXGroup;
			children = (
				FADDC0C11F3F5F5C00DBA85E /* Application */,
				FADDC0BF1F3F5ECF00DBA85E /* Modules */,
				FA6C17951F31129100165CBA /* Assets.xcassets */,
			);
			path = "Price Tracker";
			sourceTree = "<group>";
		};
		FA6C17A01F31139300165CBA /* Base */ = {
			isa = PBXGroup;
			children = (
				FA6C17A11F3113AD00165CBA /* BaseCollectionViewController.swift */,
				FA6C17A31F3113DE00165CBA /* BaseViewController.swift */,
				FA6C17AB1F3119E500165CBA /* BaseTableViewController.swift */,
			);
			name = Base;
			sourceTree = "<group>";
		};
		FA6C17AD1F312B5A00165CBA /* Common */ = {
			isa = PBXGroup;
			children = (
				FA6C17B61F31425900165CBA /* Model */,
				FA5E1EE31F32663700E9FE37 /* Helpers */,
				FADDC0C01F3F5F4F00DBA85E /* View */,
				FA6C17A01F31139300165CBA /* Base */,
			);
			name = Common;
			sourceTree = "<group>";
		};
		FA6C17AE1F312B6C00165CBA /* Price */ = {
			isa = PBXGroup;
			children = (
				FADDC0BE1F3F5E9A00DBA85E /* Controller */,
				FADDC0B11F3E60C000DBA85E /* PricesTableViewController.swift */,
			);
			name = Price;
			sourceTree = "<group>";
		};
		FA6C17B61F31425900165CBA /* Model */ = {
			isa = PBXGroup;
			children = (
				FA6C17BB1F314AB800165CBA /* DB.swift */,
				FA6C17BD1F314B4A00165CBA /* Root.swift */,
			);
			name = Model;
			sourceTree = "<group>";
		};
		FADDC0B31F3F5D4100DBA85E /* Product */ = {
			isa = PBXGroup;
			children = (
				FADDC0B61F3F5D5200DBA85E /* Controller */,
				FADDC0B51F3F5D4F00DBA85E /* View */,
				FADDC0B41F3F5D4A00DBA85E /* Model */,
			);
			name = Product;
			sourceTree = "<group>";
		};
		FADDC0B41F3F5D4A00DBA85E /* Model */ = {
			isa = PBXGroup;
			children = (
				FA6C17B71F31426700165CBA /* Product.swift */,
			);
			name = Model;
			sourceTree = "<group>";
		};
		FADDC0B51F3F5D4F00DBA85E /* View */ = {
			isa = PBXGroup;
			children = (
				FA6C17B11F312C0100165CBA /* ProductCell.xib */,
				FADDC0AD1F3E292C00DBA85E /* PriceTableViewCell.swift */,
				FA6C17B41F312C8400165CBA /* ProductCollectionViewCell.swift */,
			);
			name = View;
			sourceTree = "<group>";
		};
		FADDC0B61F3F5D5200DBA85E /* Controller */ = {
			isa = PBXGroup;
			children = (
				FADDC0A91F3E179E00DBA85E /* ProductDetailTableViewController.swift */,
				FA6C17A51F31143300165CBA /* ProductsCollectionViewController.swift */,
				FA6C17A71F31146300165CBA /* FavoritesCollectionViewController.swift */,
			);
			name = Controller;
			sourceTree = "<group>";
		};
		FADDC0B81F3F5DBF00DBA85E /* ProdyctType */ = {
			isa = PBXGroup;
			children = (
				FADDC0BC1F3F5E5100DBA85E /* View */,
				FADDC0BD1F3F5E5C00DBA85E /* Model */,
				FADDC0BB1F3F5E4800DBA85E /* Controller */,
			);
			name = ProdyctType;
			sourceTree = "<group>";
		};
		FADDC0B91F3F5E3000DBA85E /* Login */ = {
			isa = PBXGroup;
			children = (
				FADDC0BA1F3F5E3600DBA85E /* Controller */,
			);
			name = Login;
			sourceTree = "<group>";
		};
		FADDC0BA1F3F5E3600DBA85E /* Controller */ = {
			isa = PBXGroup;
			children = (
				FA6C17A91F3119C700165CBA /* LoginTableViewController.swift */,
			);
			name = Controller;
			sourceTree = "<group>";
		};
		FADDC0BB1F3F5E4800DBA85E /* Controller */ = {
			isa = PBXGroup;
			children = (
				FAF587641F38C8FB00D20101 /* ProductTypesViewController.swift */,
			);
			name = Controller;
			sourceTree = "<group>";
		};
		FADDC0BC1F3F5E5100DBA85E /* View */ = {
			isa = PBXGroup;
			children = (
				FAF587621F38C79500D20101 /* ProductTypeTableViewCell.swift */,
			);
			name = View;
			sourceTree = "<group>";
		};
		FADDC0BD1F3F5E5C00DBA85E /* Model */ = {
			isa = PBXGroup;
			children = (
				FA6C17B91F314A3700165CBA /* ProductType.swift */,
			);
			name = Model;
			sourceTree = "<group>";
		};
		FADDC0BE1F3F5E9A00DBA85E /* Controller */ = {
			isa = PBXGroup;
			children = (
			);
			name = Controller;
			sourceTree = "<group>";
		};
		FADDC0BF1F3F5ECF00DBA85E /* Modules */ = {
			isa = PBXGroup;
			children = (
				FA6C17AD1F312B5A00165CBA /* Common */,
				FA5E1EDE1F31F44900E9FE37 /* Managers */,
				FA6C17AE1F312B6C00165CBA /* Price */,
				FADDC0B31F3F5D4100DBA85E /* Product */,
				FADDC0B81F3F5DBF00DBA85E /* ProdyctType */,
				FADDC0B91F3F5E3000DBA85E /* Login */,
			);
			name = Modules;
			sourceTree = "<group>";
		};
		FADDC0C01F3F5F4F00DBA85E /* View */ = {
			isa = PBXGroup;
			children = (
				FA6C17971F31129100165CBA /* LaunchScreen.storyboard */,
				FA6C17921F31129100165CBA /* Main.storyboard */,
			);
			name = View;
			sourceTree = "<group>";
		};
		FADDC0C11F3F5F5C00DBA85E /* Application */ = {
			isa = PBXGroup;
			children = (
				FA6C179A1F31129100165CBA /* Info.plist */,
				FA6C178E1F31129100165CBA /* AppDelegate.swift */,
			);
			name = Application;
			sourceTree = "<group>";
		};
/* End PBXGroup section */

/* Begin PBXNativeTarget section */
		FA6C178A1F31129100165CBA /* Price Tracker */ = {
			isa = PBXNativeTarget;
			buildConfigurationList = FA6C179D1F31129100165CBA /* Build configuration list for PBXNativeTarget "Price Tracker" */;
			buildPhases = (
				E3F8101A665187E80DE542BD /* [CP] Check Pods Manifest.lock */,
				FA6C17871F31129100165CBA /* Sources */,
				FA6C17881F31129100165CBA /* Frameworks */,
				FA6C17891F31129100165CBA /* Resources */,
				6202DFDF4B0ACF0100A51478 /* [CP] Embed Pods Frameworks */,
				3A129E21700023CD92553780 /* [CP] Copy Pods Resources */,
			);
			buildRules = (
			);
			dependencies = (
			);
			name = "Price Tracker";
			productName = "Price Tracker";
			productReference = FA6C178B1F31129100165CBA /* Price Tracker.app */;
			productType = "com.apple.product-type.application";
		};
/* End PBXNativeTarget section */

/* Begin PBXProject section */
		FA6C17831F31129100165CBA /* Project object */ = {
			isa = PBXProject;
			attributes = {
				LastSwiftUpdateCheck = 0830;
				LastUpgradeCheck = 0830;
				ORGANIZATIONNAME = "Abdalla Odat";
				TargetAttributes = {
					FA6C178A1F31129100165CBA = {
						CreatedOnToolsVersion = 8.3.3;
						ProvisioningStyle = Automatic;
					};
				};
			};
			buildConfigurationList = FA6C17861F31129100165CBA /* Build configuration list for PBXProject "Price Tracker" */;
			compatibilityVersion = "Xcode 3.2";
			developmentRegion = English;
			hasScannedForEncodings = 0;
			knownRegions = (
				en,
				Base,
			);
			mainGroup = FA6C17821F31129100165CBA;
			productRefGroup = FA6C178C1F31129100165CBA /* Products */;
			projectDirPath = "";
			projectRoot = "";
			targets = (
				FA6C178A1F31129100165CBA /* Price Tracker */,
			);
		};
/* End PBXProject section */

/* Begin PBXResourcesBuildPhase section */
		FA6C17891F31129100165CBA /* Resources */ = {
			isa = PBXResourcesBuildPhase;
			buildActionMask = 2147483647;
			files = (
				FA6C17991F31129100165CBA /* LaunchScreen.storyboard in Resources */,
				FA6C17961F31129100165CBA /* Assets.xcassets in Resources */,
				FA6C17B21F312C0100165CBA /* ProductCell.xib in Resources */,
				FA6C17941F31129100165CBA /* Main.storyboard in Resources */,
			);
			runOnlyForDeploymentPostprocessing = 0;
		};
/* End PBXResourcesBuildPhase section */

/* Begin PBXShellScriptBuildPhase section */
		3A129E21700023CD92553780 /* [CP] Copy Pods Resources */ = {
			isa = PBXShellScriptBuildPhase;
			buildActionMask = 2147483647;
			files = (
			);
			inputPaths = (
			);
			name = "[CP] Copy Pods Resources";
			outputPaths = (
			);
			runOnlyForDeploymentPostprocessing = 0;
			shellPath = /bin/sh;
			shellScript = "\"${SRCROOT}/Pods/Target Support Files/Pods-Price Tracker/Pods-Price Tracker-resources.sh\"\n";
			showEnvVarsInLog = 0;
		};
		6202DFDF4B0ACF0100A51478 /* [CP] Embed Pods Frameworks */ = {
			isa = PBXShellScriptBuildPhase;
			buildActionMask = 2147483647;
			files = (
			);
			inputPaths = (
			);
			name = "[CP] Embed Pods Frameworks";
			outputPaths = (
			);
			runOnlyForDeploymentPostprocessing = 0;
			shellPath = /bin/sh;
			shellScript = "\"${SRCROOT}/Pods/Target Support Files/Pods-Price Tracker/Pods-Price Tracker-frameworks.sh\"\n";
			showEnvVarsInLog = 0;
		};
		E3F8101A665187E80DE542BD /* [CP] Check Pods Manifest.lock */ = {
			isa = PBXShellScriptBuildPhase;
			buildActionMask = 2147483647;
			files = (
			);
			inputPaths = (
			);
			name = "[CP] Check Pods Manifest.lock";
			outputPaths = (
			);
			runOnlyForDeploymentPostprocessing = 0;
			shellPath = /bin/sh;
			shellScript = "diff \"${PODS_PODFILE_DIR_PATH}/Podfile.lock\" \"${PODS_ROOT}/Manifest.lock\" > /dev/null\nif [ $? != 0 ] ; then\n    # print error to STDERR\n    echo \"error: The sandbox is not in sync with the Podfile.lock. Run 'pod install' or update your CocoaPods installation.\" >&2\n    exit 1\nfi\n";
			showEnvVarsInLog = 0;
		};
/* End PBXShellScriptBuildPhase section */

/* Begin PBXSourcesBuildPhase section */
		FA6C17871F31129100165CBA /* Sources */ = {
			isa = PBXSourcesBuildPhase;
			buildActionMask = 2147483647;
			files = (
				FA6C17A21F3113AD00165CBA /* BaseCollectionViewController.swift in Sources */,
				FA6C17A61F31143300165CBA /* ProductsCollectionViewController.swift in Sources */,
				FA6C17BA1F314A3700165CBA /* ProductType.swift in Sources */,
				FA6C17AC1F3119E500165CBA /* BaseTableViewController.swift in Sources */,
				FA6C17A41F3113DE00165CBA /* BaseViewController.swift in Sources */,
				FAF587691F3949CF00D20101 /* AuthenticationManager.swift in Sources */,
				FA6C17BC1F314AB800165CBA /* DB.swift in Sources */,
				FADDC0B21F3E60C000DBA85E /* PricesTableViewController.swift in Sources */,
				FAF587631F38C79500D20101 /* ProductTypeTableViewCell.swift in Sources */,
				FA5E1EE51F32664A00E9FE37 /* Constants.swift in Sources */,
				FA6C17A81F31146300165CBA /* FavoritesCollectionViewController.swift in Sources */,
				FA6C17BE1F314B4A00165CBA /* Root.swift in Sources */,
				FA6C178F1F31129100165CBA /* AppDelegate.swift in Sources */,
				FADDC0AE1F3E292C00DBA85E /* PriceTableViewCell.swift in Sources */,
				FA5E1EE71F326B0B00E9FE37 /* ProductManager.swift in Sources */,
				FADDC0AA1F3E179E00DBA85E /* ProductDetailTableViewController.swift in Sources */,
				FA5E1EE01F31F45B00E9FE37 /* NetworkManager.swift in Sources */,
				FAF587651F38C8FB00D20101 /* ProductTypesViewController.swift in Sources */,
				FA6C17B81F31426700165CBA /* Product.swift in Sources */,
				FA6C17B51F312C8400165CBA /* ProductCollectionViewCell.swift in Sources */,
				FA6C17AA1F3119C700165CBA /* LoginTableViewController.swift in Sources */,
			);
			runOnlyForDeploymentPostprocessing = 0;
		};
/* End PBXSourcesBuildPhase section */

/* Begin PBXVariantGroup section */
		FA6C17921F31129100165CBA /* Main.storyboard */ = {
			isa = PBXVariantGroup;
			children = (
				FA6C17931F31129100165CBA /* Base */,
			);
			name = Main.storyboard;
			sourceTree = "<group>";
		};
		FA6C17971F31129100165CBA /* LaunchScreen.storyboard */ = {
			isa = PBXVariantGroup;
			children = (
				FA6C17981F31129100165CBA /* Base */,
			);
			name = LaunchScreen.storyboard;
			sourceTree = "<group>";
		};
/* End PBXVariantGroup section */

/* Begin XCBuildConfiguration section */
		FA6C179B1F31129100165CBA /* Debug */ = {
			isa = XCBuildConfiguration;
			buildSettings = {
				ALWAYS_SEARCH_USER_PATHS = NO;
				CLANG_ANALYZER_NONNULL = YES;
				CLANG_ANALYZER_NUMBER_OBJECT_CONVERSION = YES_AGGRESSIVE;
				CLANG_CXX_LANGUAGE_STANDARD = "gnu++0x";
				CLANG_CXX_LIBRARY = "libc++";
				CLANG_ENABLE_MODULES = YES;
				CLANG_ENABLE_OBJC_ARC = YES;
				CLANG_WARN_BOOL_CONVERSION = YES;
				CLANG_WARN_CONSTANT_CONVERSION = YES;
				CLANG_WARN_DIRECT_OBJC_ISA_USAGE = YES_ERROR;
				CLANG_WARN_DOCUMENTATION_COMMENTS = YES;
				CLANG_WARN_EMPTY_BODY = YES;
				CLANG_WARN_ENUM_CONVERSION = YES;
				CLANG_WARN_INFINITE_RECURSION = YES;
				CLANG_WARN_INT_CONVERSION = YES;
				CLANG_WARN_OBJC_ROOT_CLASS = YES_ERROR;
				CLANG_WARN_SUSPICIOUS_MOVE = YES;
				CLANG_WARN_UNREACHABLE_CODE = YES;
				CLANG_WARN__DUPLICATE_METHOD_MATCH = YES;
				"CODE_SIGN_IDENTITY[sdk=iphoneos*]" = "iPhone Developer";
				COPY_PHASE_STRIP = NO;
				DEBUG_INFORMATION_FORMAT = dwarf;
				ENABLE_STRICT_OBJC_MSGSEND = YES;
				ENABLE_TESTABILITY = YES;
				GCC_C_LANGUAGE_STANDARD = gnu99;
				GCC_DYNAMIC_NO_PIC = NO;
				GCC_NO_COMMON_BLOCKS = YES;
				GCC_OPTIMIZATION_LEVEL = 0;
				GCC_PREPROCESSOR_DEFINITIONS = (
					"DEBUG=1",
					"$(inherited)",
				);
				GCC_WARN_64_TO_32_BIT_CONVERSION = YES;
				GCC_WARN_ABOUT_RETURN_TYPE = YES_ERROR;
				GCC_WARN_UNDECLARED_SELECTOR = YES;
				GCC_WARN_UNINITIALIZED_AUTOS = YES_AGGRESSIVE;
				GCC_WARN_UNUSED_FUNCTION = YES;
				GCC_WARN_UNUSED_VARIABLE = YES;
				IPHONEOS_DEPLOYMENT_TARGET = 10.3;
				MTL_ENABLE_DEBUG_INFO = YES;
				ONLY_ACTIVE_ARCH = YES;
				SDKROOT = iphoneos;
				SWIFT_ACTIVE_COMPILATION_CONDITIONS = DEBUG;
				SWIFT_OPTIMIZATION_LEVEL = "-Onone";
			};
			name = Debug;
		};
		FA6C179C1F31129100165CBA /* Release */ = {
			isa = XCBuildConfiguration;
			buildSettings = {
				ALWAYS_SEARCH_USER_PATHS = NO;
				CLANG_ANALYZER_NONNULL = YES;
				CLANG_ANALYZER_NUMBER_OBJECT_CONVERSION = YES_AGGRESSIVE;
				CLANG_CXX_LANGUAGE_STANDARD = "gnu++0x";
				CLANG_CXX_LIBRARY = "libc++";
				CLANG_ENABLE_MODULES = YES;
				CLANG_ENABLE_OBJC_ARC = YES;
				CLANG_WARN_BOOL_CONVERSION = YES;
				CLANG_WARN_CONSTANT_CONVERSION = YES;
				CLANG_WARN_DIRECT_OBJC_ISA_USAGE = YES_ERROR;
				CLANG_WARN_DOCUMENTATION_COMMENTS = YES;
				CLANG_WARN_EMPTY_BODY = YES;
				CLANG_WARN_ENUM_CONVERSION = YES;
				CLANG_WARN_INFINITE_RECURSION = YES;
				CLANG_WARN_INT_CONVERSION = YES;
				CLANG_WARN_OBJC_ROOT_CLASS = YES_ERROR;
				CLANG_WARN_SUSPICIOUS_MOVE = YES;
				CLANG_WARN_UNREACHABLE_CODE = YES;
				CLANG_WARN__DUPLICATE_METHOD_MATCH = YES;
				"CODE_SIGN_IDENTITY[sdk=iphoneos*]" = "iPhone Developer";
				COPY_PHASE_STRIP = NO;
				DEBUG_INFORMATION_FORMAT = "dwarf-with-dsym";
				ENABLE_NS_ASSERTIONS = NO;
				ENABLE_STRICT_OBJC_MSGSEND = YES;
				GCC_C_LANGUAGE_STANDARD = gnu99;
				GCC_NO_COMMON_BLOCKS = YES;
				GCC_WARN_64_TO_32_BIT_CONVERSION = YES;
				GCC_WARN_ABOUT_RETURN_TYPE = YES_ERROR;
				GCC_WARN_UNDECLARED_SELECTOR = YES;
				GCC_WARN_UNINITIALIZED_AUTOS = YES_AGGRESSIVE;
				GCC_WARN_UNUSED_FUNCTION = YES;
				GCC_WARN_UNUSED_VARIABLE = YES;
				IPHONEOS_DEPLOYMENT_TARGET = 10.3;
				MTL_ENABLE_DEBUG_INFO = NO;
				SDKROOT = iphoneos;
				SWIFT_OPTIMIZATION_LEVEL = "-Owholemodule";
				VALIDATE_PRODUCT = YES;
			};
			name = Release;
		};
		FA6C179E1F31129100165CBA /* Debug */ = {
			isa = XCBuildConfiguration;
			baseConfigurationReference = 0688A5BF9B70B445AE7FF725 /* Pods-Price Tracker.debug.xcconfig */;
			buildSettings = {
				ASSETCATALOG_COMPILER_APPICON_NAME = AppIcon;
				INFOPLIST_FILE = "Price Tracker/Info.plist";
				LD_RUNPATH_SEARCH_PATHS = "$(inherited) @executable_path/Frameworks";
				PRODUCT_BUNDLE_IDENTIFIER = "com.Price-Tracker";
				PRODUCT_NAME = "$(TARGET_NAME)";
				SWIFT_VERSION = 3.0;
			};
			name = Debug;
		};
		FA6C179F1F31129100165CBA /* Release */ = {
			isa = XCBuildConfiguration;
			baseConfigurationReference = 128BEF6515AB60CC58435D91 /* Pods-Price Tracker.release.xcconfig */;
			buildSettings = {
				ASSETCATALOG_COMPILER_APPICON_NAME = AppIcon;
				INFOPLIST_FILE = "Price Tracker/Info.plist";
				LD_RUNPATH_SEARCH_PATHS = "$(inherited) @executable_path/Frameworks";
				PRODUCT_BUNDLE_IDENTIFIER = "com.Price-Tracker";
				PRODUCT_NAME = "$(TARGET_NAME)";
				SWIFT_VERSION = 3.0;
			};
			name = Release;
		};
/* End XCBuildConfiguration section */

/* Begin XCConfigurationList section */
		FA6C17861F31129100165CBA /* Build configuration list for PBXProject "Price Tracker" */ = {
			isa = XCConfigurationList;
			buildConfigurations = (
				FA6C179B1F31129100165CBA /* Debug */,
				FA6C179C1F31129100165CBA /* Release */,
			);
			defaultConfigurationIsVisible = 0;
			defaultConfigurationName = Release;
		};
		FA6C179D1F31129100165CBA /* Build configuration list for PBXNativeTarget "Price Tracker" */ = {
			isa = XCConfigurationList;
			buildConfigurations = (
				FA6C179E1F31129100165CBA /* Debug */,
				FA6C179F1F31129100165CBA /* Release */,
			);
			defaultConfigurationIsVisible = 0;
			defaultConfigurationName = Release;
		};
/* End XCConfigurationList section */
	};
	rootObject = FA6C17831F31129100165CBA /* Project object */;
}
